// !$*UTF8*$!
{
	archiveVersion = 1;
	classes = {
	};
	objectVersion = 51;
	objects = {

/* Begin PBXBuildFile section */
		31BF9DB8F0BBCCBA3367BA0B /* Pods_CapitalQuiz.framework in Frameworks */ = {isa = PBXBuildFile; fileRef = 5092A2FC0C4414B7976101A7 /* Pods_CapitalQuiz.framework */; };
		FA10CFE524A8C5E200BCDF47 /* StorageManager.swift in Sources */ = {isa = PBXBuildFile; fileRef = FA10CFE424A8C5E200BCDF47 /* StorageManager.swift */; };
		FA10CFE724A8C6F000BCDF47 /* Player.swift in Sources */ = {isa = PBXBuildFile; fileRef = FA10CFE624A8C6F000BCDF47 /* Player.swift */; };
		FA15ACE824A7C90700F3D859 /* QuizViewController.swift in Sources */ = {isa = PBXBuildFile; fileRef = FA15ACE724A7C90700F3D859 /* QuizViewController.swift */; };
		FA15ACEA24A7CCB100F3D859 /* ResultViewController.swift in Sources */ = {isa = PBXBuildFile; fileRef = FA15ACE924A7CCB100F3D859 /* ResultViewController.swift */; };
		FA15ACEC24A7CCDA00F3D859 /* LeadersListTableViewController.swift in Sources */ = {isa = PBXBuildFile; fileRef = FA15ACEB24A7CCDA00F3D859 /* LeadersListTableViewController.swift */; };
		FA15ACEE24A7CE4C00F3D859 /* NetworkManager.swift in Sources */ = {isa = PBXBuildFile; fileRef = FA15ACED24A7CE4C00F3D859 /* NetworkManager.swift */; };
		FA30A4FE24A7D4A1000B02BF /* Extensions.swift in Sources */ = {isa = PBXBuildFile; fileRef = FA30A4FD24A7D4A1000B02BF /* Extensions.swift */; };
		FA30A50024A7EE87000B02BF /* DataManager.swift in Sources */ = {isa = PBXBuildFile; fileRef = FA30A4FF24A7EE87000B02BF /* DataManager.swift */; };
		FA41317324A7BEB400B13B0A /* AppDelegate.swift in Sources */ = {isa = PBXBuildFile; fileRef = FA41317224A7BEB400B13B0A /* AppDelegate.swift */; };
		FA41317524A7BEB400B13B0A /* SceneDelegate.swift in Sources */ = {isa = PBXBuildFile; fileRef = FA41317424A7BEB400B13B0A /* SceneDelegate.swift */; };
		FA41317724A7BEB400B13B0A /* MainViewController.swift in Sources */ = {isa = PBXBuildFile; fileRef = FA41317624A7BEB400B13B0A /* MainViewController.swift */; };
		FA41317A24A7BEB400B13B0A /* Main.storyboard in Resources */ = {isa = PBXBuildFile; fileRef = FA41317824A7BEB400B13B0A /* Main.storyboard */; };
		FA41317C24A7BEB900B13B0A /* Assets.xcassets in Resources */ = {isa = PBXBuildFile; fileRef = FA41317B24A7BEB900B13B0A /* Assets.xcassets */; };
		FA41317F24A7BEB900B13B0A /* LaunchScreen.storyboard in Resources */ = {isa = PBXBuildFile; fileRef = FA41317D24A7BEB900B13B0A /* LaunchScreen.storyboard */; };
		FA41318724A7C6ED00B13B0A /* Country.swift in Sources */ = {isa = PBXBuildFile; fileRef = FA41318624A7C6ED00B13B0A /* Country.swift */; };
/* End PBXBuildFile section */

/* Begin PBXFileReference section */
		041D1A668751D06E7C1DD8AB /* Pods-CapitalQuiz.debug.xcconfig */ = {isa = PBXFileReference; includeInIndex = 1; lastKnownFileType = text.xcconfig; name = "Pods-CapitalQuiz.debug.xcconfig"; path = "Target Support Files/Pods-CapitalQuiz/Pods-CapitalQuiz.debug.xcconfig"; sourceTree = "<group>"; };
		5092A2FC0C4414B7976101A7 /* Pods_CapitalQuiz.framework */ = {isa = PBXFileReference; explicitFileType = wrapper.framework; includeInIndex = 0; path = Pods_CapitalQuiz.framework; sourceTree = BUILT_PRODUCTS_DIR; };
		D73B797726BF918ECB8C3156 /* Pods-CapitalQuiz.release.xcconfig */ = {isa = PBXFileReference; includeInIndex = 1; lastKnownFileType = text.xcconfig; name = "Pods-CapitalQuiz.release.xcconfig"; path = "Target Support Files/Pods-CapitalQuiz/Pods-CapitalQuiz.release.xcconfig"; sourceTree = "<group>"; };
		FA10CFE424A8C5E200BCDF47 /* StorageManager.swift */ = {isa = PBXFileReference; lastKnownFileType = sourcecode.swift; path = StorageManager.swift; sourceTree = "<group>"; };
		FA10CFE624A8C6F000BCDF47 /* Player.swift */ = {isa = PBXFileReference; lastKnownFileType = sourcecode.swift; path = Player.swift; sourceTree = "<group>"; };
		FA15ACE724A7C90700F3D859 /* QuizViewController.swift */ = {isa = PBXFileReference; lastKnownFileType = sourcecode.swift; path = QuizViewController.swift; sourceTree = "<group>"; };
		FA15ACE924A7CCB100F3D859 /* ResultViewController.swift */ = {isa = PBXFileReference; lastKnownFileType = sourcecode.swift; path = ResultViewController.swift; sourceTree = "<group>"; };
		FA15ACEB24A7CCDA00F3D859 /* LeadersListTableViewController.swift */ = {isa = PBXFileReference; lastKnownFileType = sourcecode.swift; path = LeadersListTableViewController.swift; sourceTree = "<group>"; };
		FA15ACED24A7CE4C00F3D859 /* NetworkManager.swift */ = {isa = PBXFileReference; lastKnownFileType = sourcecode.swift; path = NetworkManager.swift; sourceTree = "<group>"; };
		FA30A4FD24A7D4A1000B02BF /* Extensions.swift */ = {isa = PBXFileReference; lastKnownFileType = sourcecode.swift; path = Extensions.swift; sourceTree = "<group>"; };
		FA30A4FF24A7EE87000B02BF /* DataManager.swift */ = {isa = PBXFileReference; lastKnownFileType = sourcecode.swift; path = DataManager.swift; sourceTree = "<group>"; };
		FA41316F24A7BEB400B13B0A /* CapitalQuiz.app */ = {isa = PBXFileReference; explicitFileType = wrapper.application; includeInIndex = 0; path = CapitalQuiz.app; sourceTree = BUILT_PRODUCTS_DIR; };
		FA41317224A7BEB400B13B0A /* AppDelegate.swift */ = {isa = PBXFileReference; lastKnownFileType = sourcecode.swift; path = AppDelegate.swift; sourceTree = "<group>"; };
		FA41317424A7BEB400B13B0A /* SceneDelegate.swift */ = {isa = PBXFileReference; lastKnownFileType = sourcecode.swift; path = SceneDelegate.swift; sourceTree = "<group>"; };
		FA41317624A7BEB400B13B0A /* MainViewController.swift */ = {isa = PBXFileReference; lastKnownFileType = sourcecode.swift; path = MainViewController.swift; sourceTree = "<group>"; };
		FA41317924A7BEB400B13B0A /* Base */ = {isa = PBXFileReference; lastKnownFileType = file.storyboard; name = Base; path = Base.lproj/Main.storyboard; sourceTree = "<group>"; };
		FA41317B24A7BEB900B13B0A /* Assets.xcassets */ = {isa = PBXFileReference; lastKnownFileType = folder.assetcatalog; path = Assets.xcassets; sourceTree = "<group>"; };
		FA41317E24A7BEB900B13B0A /* Base */ = {isa = PBXFileReference; lastKnownFileType = file.storyboard; name = Base; path = Base.lproj/LaunchScreen.storyboard; sourceTree = "<group>"; };
		FA41318024A7BEB900B13B0A /* Info.plist */ = {isa = PBXFileReference; lastKnownFileType = text.plist.xml; path = Info.plist; sourceTree = "<group>"; };
		FA41318624A7C6ED00B13B0A /* Country.swift */ = {isa = PBXFileReference; lastKnownFileType = sourcecode.swift; path = Country.swift; sourceTree = "<group>"; };
/* End PBXFileReference section */

/* Begin PBXFrameworksBuildPhase section */
		FA41316C24A7BEB400B13B0A /* Frameworks */ = {
			isa = PBXFrameworksBuildPhase;
			buildActionMask = 2147483647;
			files = (
				31BF9DB8F0BBCCBA3367BA0B /* Pods_CapitalQuiz.framework in Frameworks */,
			);
			runOnlyForDeploymentPostprocessing = 0;
		};
/* End PBXFrameworksBuildPhase section */

/* Begin PBXGroup section */
		6A3DB0A0D70D82ACBCE20C42 /* Frameworks */ = {
			isa = PBXGroup;
			children = (
				5092A2FC0C4414B7976101A7 /* Pods_CapitalQuiz.framework */,
			);
			name = Frameworks;
			sourceTree = "<group>";
		};
		B97E822D570EED89D596EDE2 /* Pods */ = {
			isa = PBXGroup;
			children = (
				041D1A668751D06E7C1DD8AB /* Pods-CapitalQuiz.debug.xcconfig */,
				D73B797726BF918ECB8C3156 /* Pods-CapitalQuiz.release.xcconfig */,
			);
			path = Pods;
			sourceTree = "<group>";
		};
		FA41316624A7BEB400B13B0A = {
			isa = PBXGroup;
			children = (
				FA41317124A7BEB400B13B0A /* CapitalQuiz */,
				FA41317024A7BEB400B13B0A /* Products */,
				B97E822D570EED89D596EDE2 /* Pods */,
				6A3DB0A0D70D82ACBCE20C42 /* Frameworks */,
			);
			sourceTree = "<group>";
		};
		FA41317024A7BEB400B13B0A /* Products */ = {
			isa = PBXGroup;
			children = (
				FA41316F24A7BEB400B13B0A /* CapitalQuiz.app */,
			);
			name = Products;
			sourceTree = "<group>";
		};
		FA41317124A7BEB400B13B0A /* CapitalQuiz */ = {
			isa = PBXGroup;
			children = (
				FA41317224A7BEB400B13B0A /* AppDelegate.swift */,
				FA41317424A7BEB400B13B0A /* SceneDelegate.swift */,
				FA41317624A7BEB400B13B0A /* MainViewController.swift */,
				FA41317824A7BEB400B13B0A /* Main.storyboard */,
				FA15ACED24A7CE4C00F3D859 /* NetworkManager.swift */,
				FA15ACEB24A7CCDA00F3D859 /* LeadersListTableViewController.swift */,
				FA15ACE924A7CCB100F3D859 /* ResultViewController.swift */,
				FA15ACE724A7C90700F3D859 /* QuizViewController.swift */,
				FA10CFE424A8C5E200BCDF47 /* StorageManager.swift */,
				FA30A4FF24A7EE87000B02BF /* DataManager.swift */,
				FA10CFE624A8C6F000BCDF47 /* Player.swift */,
				FA30A4FD24A7D4A1000B02BF /* Extensions.swift */,
				FA41318624A7C6ED00B13B0A /* Country.swift */,
				FA41317B24A7BEB900B13B0A /* Assets.xcassets */,
				FA41317D24A7BEB900B13B0A /* LaunchScreen.storyboard */,
				FA41318024A7BEB900B13B0A /* Info.plist */,
			);
			path = CapitalQuiz;
			sourceTree = "<group>";
		};
/* End PBXGroup section */

/* Begin PBXNativeTarget section */
		FA41316E24A7BEB400B13B0A /* CapitalQuiz */ = {
			isa = PBXNativeTarget;
			buildConfigurationList = FA41318324A7BEB900B13B0A /* Build configuration list for PBXNativeTarget "CapitalQuiz" */;
			buildPhases = (
				3DC7966C4A82A26B0E3A3046 /* [CP] Check Pods Manifest.lock */,
				FA41316B24A7BEB400B13B0A /* Sources */,
				FA41316C24A7BEB400B13B0A /* Frameworks */,
				FA41316D24A7BEB400B13B0A /* Resources */,
				10BAF9CEDF8F7FB6D4CA9B3B /* [CP] Embed Pods Frameworks */,
			);
			buildRules = (
			);
			dependencies = (
			);
			name = CapitalQuiz;
			productName = CapitalQuiz;
			productReference = FA41316F24A7BEB400B13B0A /* CapitalQuiz.app */;
			productType = "com.apple.product-type.application";
		};
/* End PBXNativeTarget section */

/* Begin PBXProject section */
		FA41316724A7BEB400B13B0A /* Project object */ = {
			isa = PBXProject;
			attributes = {
				LastSwiftUpdateCheck = 1140;
				LastUpgradeCheck = 1140;
				ORGANIZATIONNAME = "Александр Умаров";
				TargetAttributes = {
					FA41316E24A7BEB400B13B0A = {
						CreatedOnToolsVersion = 11.4.1;
					};
				};
			};
			buildConfigurationList = FA41316A24A7BEB400B13B0A /* Build configuration list for PBXProject "CapitalQuiz" */;
			compatibilityVersion = "Xcode 9.3";
			developmentRegion = en;
			hasScannedForEncodings = 0;
			knownRegions = (
				en,
				Base,
			);
			mainGroup = FA41316624A7BEB400B13B0A;
			productRefGroup = FA41317024A7BEB400B13B0A /* Products */;
			projectDirPath = "";
			projectRoot = "";
			targets = (
				FA41316E24A7BEB400B13B0A /* CapitalQuiz */,
			);
		};
/* End PBXProject section */

/* Begin PBXResourcesBuildPhase section */
		FA41316D24A7BEB400B13B0A /* Resources */ = {
			isa = PBXResourcesBuildPhase;
			buildActionMask = 2147483647;
			files = (
				FA41317F24A7BEB900B13B0A /* LaunchScreen.storyboard in Resources */,
				FA41317C24A7BEB900B13B0A /* Assets.xcassets in Resources */,
				FA41317A24A7BEB400B13B0A /* Main.storyboard in Resources */,
			);
			runOnlyForDeploymentPostprocessing = 0;
		};
/* End PBXResourcesBuildPhase section */

/* Begin PBXShellScriptBuildPhase section */
		10BAF9CEDF8F7FB6D4CA9B3B /* [CP] Embed Pods Frameworks */ = {
			isa = PBXShellScriptBuildPhase;
			buildActionMask = 2147483647;
			files = (
			);
			inputFileListPaths = (
				"${PODS_ROOT}/Target Support Files/Pods-CapitalQuiz/Pods-CapitalQuiz-frameworks-${CONFIGURATION}-input-files.xcfilelist",
			);
			name = "[CP] Embed Pods Frameworks";
			outputFileListPaths = (
				"${PODS_ROOT}/Target Support Files/Pods-CapitalQuiz/Pods-CapitalQuiz-frameworks-${CONFIGURATION}-output-files.xcfilelist",
			);
			runOnlyForDeploymentPostprocessing = 0;
			shellPath = /bin/sh;
			shellScript = "\"${PODS_ROOT}/Target Support Files/Pods-CapitalQuiz/Pods-CapitalQuiz-frameworks.sh\"\n";
			showEnvVarsInLog = 0;
		};
		3DC7966C4A82A26B0E3A3046 /* [CP] Check Pods Manifest.lock */ = {
			isa = PBXShellScriptBuildPhase;
			buildActionMask = 2147483647;
			files = (
			);
			inputFileListPaths = (
			);
			inputPaths = (
				"${PODS_PODFILE_DIR_PATH}/Podfile.lock",
				"${PODS_ROOT}/Manifest.lock",
			);
			name = "[CP] Check Pods Manifest.lock";
			outputFileListPaths = (
			);
			outputPaths = (
				"$(DERIVED_FILE_DIR)/Pods-CapitalQuiz-checkManifestLockResult.txt",
			);
			runOnlyForDeploymentPostprocessing = 0;
			shellPath = /bin/sh;
			shellScript = "diff \"${PODS_PODFILE_DIR_PATH}/Podfile.lock\" \"${PODS_ROOT}/Manifest.lock\" > /dev/null\nif [ $? != 0 ] ; then\n    # print error to STDERR\n    echo \"error: The sandbox is not in sync with the Podfile.lock. Run 'pod install' or update your CocoaPods installation.\" >&2\n    exit 1\nfi\n# This output is used by Xcode 'outputs' to avoid re-running this script phase.\necho \"SUCCESS\" > \"${SCRIPT_OUTPUT_FILE_0}\"\n";
			showEnvVarsInLog = 0;
		};
/* End PBXShellScriptBuildPhase section */

/* Begin PBXSourcesBuildPhase section */
		FA41316B24A7BEB400B13B0A /* Sources */ = {
			isa = PBXSourcesBuildPhase;
			buildActionMask = 2147483647;
			files = (
				FA41318724A7C6ED00B13B0A /* Country.swift in Sources */,
				FA30A50024A7EE87000B02BF /* DataManager.swift in Sources */,
				FA10CFE524A8C5E200BCDF47 /* StorageManager.swift in Sources */,
				FA15ACE824A7C90700F3D859 /* QuizViewController.swift in Sources */,
				FA10CFE724A8C6F000BCDF47 /* Player.swift in Sources */,
				FA41317724A7BEB400B13B0A /* MainViewController.swift in Sources */,
				FA41317324A7BEB400B13B0A /* AppDelegate.swift in Sources */,
				FA15ACEE24A7CE4C00F3D859 /* NetworkManager.swift in Sources */,
				FA30A4FE24A7D4A1000B02BF /* Extensions.swift in Sources */,
				FA15ACEC24A7CCDA00F3D859 /* LeadersListTableViewController.swift in Sources */,
				FA41317524A7BEB400B13B0A /* SceneDelegate.swift in Sources */,
				FA15ACEA24A7CCB100F3D859 /* ResultViewController.swift in Sources */,
			);
			runOnlyForDeploymentPostprocessing = 0;
		};
/* End PBXSourcesBuildPhase section */

/* Begin PBXVariantGroup section */
		FA41317824A7BEB400B13B0A /* Main.storyboard */ = {
			isa = PBXVariantGroup;
			children = (
				FA41317924A7BEB400B13B0A /* Base */,
			);
			name = Main.storyboard;
			sourceTree = "<group>";
		};
		FA41317D24A7BEB900B13B0A /* LaunchScreen.storyboard */ = {
			isa = PBXVariantGroup;
			children = (
				FA41317E24A7BEB900B13B0A /* Base */,
			);
			name = LaunchScreen.storyboard;
			sourceTree = "<group>";
		};
/* End PBXVariantGroup section */

/* Begin XCBuildConfiguration section */
		FA41318124A7BEB900B13B0A /* Debug */ = {
			isa = XCBuildConfiguration;
			buildSettings = {
				ALWAYS_SEARCH_USER_PATHS = NO;
				CLANG_ANALYZER_NONNULL = YES;
				CLANG_ANALYZER_NUMBER_OBJECT_CONVERSION = YES_AGGRESSIVE;
				CLANG_CXX_LANGUAGE_STANDARD = "gnu++14";
				CLANG_CXX_LIBRARY = "libc++";
				CLANG_ENABLE_MODULES = YES;
				CLANG_ENABLE_OBJC_ARC = YES;
				CLANG_ENABLE_OBJC_WEAK = YES;
				CLANG_WARN_BLOCK_CAPTURE_AUTORELEASING = YES;
				CLANG_WARN_BOOL_CONVERSION = YES;
				CLANG_WARN_COMMA = YES;
				CLANG_WARN_CONSTANT_CONVERSION = YES;
				CLANG_WARN_DEPRECATED_OBJC_IMPLEMENTATIONS = YES;
				CLANG_WARN_DIRECT_OBJC_ISA_USAGE = YES_ERROR;
				CLANG_WARN_DOCUMENTATION_COMMENTS = YES;
				CLANG_WARN_EMPTY_BODY = YES;
				CLANG_WARN_ENUM_CONVERSION = YES;
				CLANG_WARN_INFINITE_RECURSION = YES;
				CLANG_WARN_INT_CONVERSION = YES;
				CLANG_WARN_NON_LITERAL_NULL_CONVERSION = YES;
				CLANG_WARN_OBJC_IMPLICIT_RETAIN_SELF = YES;
				CLANG_WARN_OBJC_LITERAL_CONVERSION = YES;
				CLANG_WARN_OBJC_ROOT_CLASS = YES_ERROR;
				CLANG_WARN_RANGE_LOOP_ANALYSIS = YES;
				CLANG_WARN_STRICT_PROTOTYPES = YES;
				CLANG_WARN_SUSPICIOUS_MOVE = YES;
				CLANG_WARN_UNGUARDED_AVAILABILITY = YES_AGGRESSIVE;
				CLANG_WARN_UNREACHABLE_CODE = YES;
				CLANG_WARN__DUPLICATE_METHOD_MATCH = YES;
				COPY_PHASE_STRIP = NO;
				DEBUG_INFORMATION_FORMAT = dwarf;
				ENABLE_STRICT_OBJC_MSGSEND = YES;
				ENABLE_TESTABILITY = YES;
				GCC_C_LANGUAGE_STANDARD = gnu11;
				GCC_DYNAMIC_NO_PIC = NO;
				GCC_NO_COMMON_BLOCKS = YES;
				GCC_OPTIMIZATION_LEVEL = 0;
				GCC_PREPROCESSOR_DEFINITIONS = (
					"DEBUG=1",
					"$(inherited)",
				);
				GCC_WARN_64_TO_32_BIT_CONVERSION = YES;
				GCC_WARN_ABOUT_RETURN_TYPE = YES_ERROR;
				GCC_WARN_UNDECLARED_SELECTOR = YES;
				GCC_WARN_UNINITIALIZED_AUTOS = YES_AGGRESSIVE;
				GCC_WARN_UNUSED_FUNCTION = YES;
				GCC_WARN_UNUSED_VARIABLE = YES;
				IPHONEOS_DEPLOYMENT_TARGET = 13.4;
				MTL_ENABLE_DEBUG_INFO = INCLUDE_SOURCE;
				MTL_FAST_MATH = YES;
				ONLY_ACTIVE_ARCH = YES;
				SDKROOT = iphoneos;
				SWIFT_ACTIVE_COMPILATION_CONDITIONS = DEBUG;
				SWIFT_OPTIMIZATION_LEVEL = "-Onone";
			};
			name = Debug;
		};
		FA41318224A7BEB900B13B0A /* Release */ = {
			isa = XCBuildConfiguration;
			buildSettings = {
				ALWAYS_SEARCH_USER_PATHS = NO;
				CLANG_ANALYZER_NONNULL = YES;
				CLANG_ANALYZER_NUMBER_OBJECT_CONVERSION = YES_AGGRESSIVE;
				CLANG_CXX_LANGUAGE_STANDARD = "gnu++14";
				CLANG_CXX_LIBRARY = "libc++";
				CLANG_ENABLE_MODULES = YES;
				CLANG_ENABLE_OBJC_ARC = YES;
				CLANG_ENABLE_OBJC_WEAK = YES;
				CLANG_WARN_BLOCK_CAPTURE_AUTORELEASING = YES;
				CLANG_WARN_BOOL_CONVERSION = YES;
				CLANG_WARN_COMMA = YES;
				CLANG_WARN_CONSTANT_CONVERSION = YES;
				CLANG_WARN_DEPRECATED_OBJC_IMPLEMENTATIONS = YES;
				CLANG_WARN_DIRECT_OBJC_ISA_USAGE = YES_ERROR;
				CLANG_WARN_DOCUMENTATION_COMMENTS = YES;
				CLANG_WARN_EMPTY_BODY = YES;
				CLANG_WARN_ENUM_CONVERSION = YES;
				CLANG_WARN_INFINITE_RECURSION = YES;
				CLANG_WARN_INT_CONVERSION = YES;
				CLANG_WARN_NON_LITERAL_NULL_CONVERSION = YES;
				CLANG_WARN_OBJC_IMPLICIT_RETAIN_SELF = YES;
				CLANG_WARN_OBJC_LITERAL_CONVERSION = YES;
				CLANG_WARN_OBJC_ROOT_CLASS = YES_ERROR;
				CLANG_WARN_RANGE_LOOP_ANALYSIS = YES;
				CLANG_WARN_STRICT_PROTOTYPES = YES;
				CLANG_WARN_SUSPICIOUS_MOVE = YES;
				CLANG_WARN_UNGUARDED_AVAILABILITY = YES_AGGRESSIVE;
				CLANG_WARN_UNREACHABLE_CODE = YES;
				CLANG_WARN__DUPLICATE_METHOD_MATCH = YES;
				COPY_PHASE_STRIP = NO;
				DEBUG_INFORMATION_FORMAT = "dwarf-with-dsym";
				ENABLE_NS_ASSERTIONS = NO;
				ENABLE_STRICT_OBJC_MSGSEND = YES;
				GCC_C_LANGUAGE_STANDARD = gnu11;
				GCC_NO_COMMON_BLOCKS = YES;
				GCC_WARN_64_TO_32_BIT_CONVERSION = YES;
				GCC_WARN_ABOUT_RETURN_TYPE = YES_ERROR;
				GCC_WARN_UNDECLARED_SELECTOR = YES;
				GCC_WARN_UNINITIALIZED_AUTOS = YES_AGGRESSIVE;
				GCC_WARN_UNUSED_FUNCTION = YES;
				GCC_WARN_UNUSED_VARIABLE = YES;
				IPHONEOS_DEPLOYMENT_TARGET = 13.4;
				MTL_ENABLE_DEBUG_INFO = NO;
				MTL_FAST_MATH = YES;
				SDKROOT = iphoneos;
				SWIFT_COMPILATION_MODE = wholemodule;
				SWIFT_OPTIMIZATION_LEVEL = "-O";
				VALIDATE_PRODUCT = YES;
			};
			name = Release;
		};
		FA41318424A7BEB900B13B0A /* Debug */ = {
			isa = XCBuildConfiguration;
			baseConfigurationReference = 041D1A668751D06E7C1DD8AB /* Pods-CapitalQuiz.debug.xcconfig */;
			buildSettings = {
				ASSETCATALOG_COMPILER_APPICON_NAME = AppIcon;
				CODE_SIGN_STYLE = Automatic;
				DEVELOPMENT_TEAM = B5VM7C6TM4;
				INFOPLIST_FILE = CapitalQuiz/Info.plist;
				IPHONEOS_DEPLOYMENT_TARGET = 13.0;
				LD_RUNPATH_SEARCH_PATHS = (
					"$(inherited)",
					"@executable_path/Frameworks",
				);
				PRODUCT_BUNDLE_IDENTIFIER = com.jetlaunch.CapitalQuiz;
				PRODUCT_NAME = "$(TARGET_NAME)";
				SWIFT_VERSION = 5.0;
				TARGETED_DEVICE_FAMILY = 1;
			};
			name = Debug;
		};
		FA41318524A7BEB900B13B0A /* Release */ = {
			isa = XCBuildConfiguration;
			baseConfigurationReference = D73B797726BF918ECB8C3156 /* Pods-CapitalQuiz.release.xcconfig */;
			buildSettings = {
				ASSETCATALOG_COMPILER_APPICON_NAME = AppIcon;
				CODE_SIGN_STYLE = Automatic;
				DEVELOPMENT_TEAM = B5VM7C6TM4;
				INFOPLIST_FILE = CapitalQuiz/Info.plist;
				IPHONEOS_DEPLOYMENT_TARGET = 13.0;
				LD_RUNPATH_SEARCH_PATHS = (
					"$(inherited)",
					"@executable_path/Frameworks",
				);
				PRODUCT_BUNDLE_IDENTIFIER = com.jetlaunch.CapitalQuiz;
				PRODUCT_NAME = "$(TARGET_NAME)";
				SWIFT_VERSION = 5.0;
				TARGETED_DEVICE_FAMILY = 1;
			};
			name = Release;
		};
/* End XCBuildConfiguration section */

/* Begin XCConfigurationList section */
		FA41316A24A7BEB400B13B0A /* Build configuration list for PBXProject "CapitalQuiz" */ = {
			isa = XCConfigurationList;
			buildConfigurations = (
				FA41318124A7BEB900B13B0A /* Debug */,
				FA41318224A7BEB900B13B0A /* Release */,
			);
			defaultConfigurationIsVisible = 0;
			defaultConfigurationName = Release;
		};
		FA41318324A7BEB900B13B0A /* Build configuration list for PBXNativeTarget "CapitalQuiz" */ = {
			isa = XCConfigurationList;
			buildConfigurations = (
				FA41318424A7BEB900B13B0A /* Debug */,
				FA41318524A7BEB900B13B0A /* Release */,
			);
			defaultConfigurationIsVisible = 0;
			defaultConfigurationName = Release;
		};
/* End XCConfigurationList section */
	};
	rootObject = FA41316724A7BEB400B13B0A /* Project object */;
}
